PODS:
  - Kronos (4.3.0)
  - XXDK (4.7.2)

DEPENDENCIES:
  - Kronos
  - XXDK (= 4.7.2)

SPEC REPOS:
  trunk:
    - Kronos
    - XXDK

SPEC CHECKSUMS:
  Kronos: a1a15fb5bb0f7a79591bfcdd5d1863a922c5c03e
  XXDK: 37bfcd6f9d9a78bd259c73f70ec4746228fb111a

PODFILE CHECKSUM: a2e0ccc7109ccc1e4b79a928ada4117d8b00687d

COCOAPODS: 1.16.2
