PODS:
  - Kronos (4.3.0)
  - XXDK (4.8.0)

DEPENDENCIES:
  - Kronos
  - XXDK (from `/Users/ommore/Documents/github/xx-network/ios/client`)

SPEC REPOS:
  trunk:
    - Kronos

EXTERNAL SOURCES:
  XXDK:
    :path: "/Users/ommore/Documents/github/xx-network/ios/client"

SPEC CHECKSUMS:
  Kronos: a1a15fb5bb0f7a79591bfcdd5d1863a922c5c03e
  XXDK: 2666eb6bc23c0f83521253b82f0aabff78e8e5e5

PODFILE CHECKSUM: a28855e3e9e173f47819cb213cdc4d53130cbf54

COCOAPODS: 1.16.2
