{
  "originHash" : "32c7e0a2814ffe86f85fff53c0a5c5697b5f059c870470610d179bf48aa8213b",
  "pins" : [
    {
      "identity" : "grdb.swift",
      "kind" : "remoteSourceControl",
      "location" : "https://github.com/groue/GRDB.swift.git",
      "state" : {
        "branch" : "master",
        "revision" : "36e30a6f1ef10e4194f6af0cff90888526f0c115"
      }
    },
    {
      "identity" : "lrucache",
      "kind" : "remoteSourceControl",
      "location" : "https://github.com/nicklockwood/LRUCache.git",
      "state" : {
        "revision" : "0d91406ecd4d6c1c56275866f00508d9aeacc92a",
        "version" : "1.2.0"
      }
    },
    {
      "identity" : "swift-atomics",
      "kind" : "remoteSourceControl",
      "location" : "https://github.com/apple/swift-atomics.git",
      "state" : {
        "revision" : "b601256eab081c0f92f059e12818ac1d4f178ff7",
        "version" : "1.3.0"
      }
    },
    {
      "identity" : "swifthtmltomarkdown",
      "kind" : "remoteSourceControl",
      "location" : "https://github.com/ActuallyTaylor/SwiftHTMLToMarkdown",
      "state" : {
        "revision" : "d533b9cb47a8defaa8d9432fad20ecf5964c0668",
        "version" : "1.1.1"
      }
    },
    {
      "identity" : "swiftsoup",
      "kind" : "remoteSourceControl",
      "location" : "https://github.com/scinfu/SwiftSoup.git",
      "state" : {
        "revision" : "4206bc7b8bd9a4ff8e9511211e1b4bff979ef9c4",
        "version" : "2.11.1"
      }
    }
  ],
  "version" : 3
}
